Microsoft Visual Studio Solution File, Format Version 10.00
# Visual Studio 2008
Project("{8BC9CEB8-8B4A-11D0-8D11-00A0C91BC942}") = "wxKeyboard", "wxKeyboard.vcproj", "{B6C70064-0FAE-432A-A213-15B58BDE0484}"
EndProject
Project("{8BC9CEB8-8B4A-11D0-8D11-00A0C91BC942}") = "wxControls", "..\wxControls\wxControls.vcproj", "{34FC82E0-3EB3-4B56-BF02-F202C5730949}"
EndProject
Project("{8BC9CEB8-8B4A-11D0-8D11-00A0C91BC942}") = "MIDIOverIP", "..\MIDIOverIP\MIDIOverIP.vcproj", "{EB18A5AE-8D00-4B13-BB9C-62A69EE5C650}"
EndProject
Global
	GlobalSection(SolutionConfigurationPlatforms) = preSolution
		Debug|Any CPU = Debug|Any CPU
		Debug|Mixed Platforms = Debug|Mixed Platforms
		Debug|Win32 = Debug|Win32
		Release|Any CPU = Release|Any CPU
		Release|Mixed Platforms = Release|Mixed Platforms
		Release|Win32 = Release|Win32
	EndGlobalSection
	GlobalSection(ProjectConfigurationPlatforms) = postSolution
		{B6C70064-0FAE-432A-A213-15B58BDE0484}.Debug|Any CPU.ActiveCfg = Debug|Win32
		{B6C70064-0FAE-432A-A213-15B58BDE0484}.Debug|Mixed Platforms.ActiveCfg = Debug|Win32
		{B6C70064-0FAE-432A-A213-15B58BDE0484}.Debug|Mixed Platforms.Build.0 = Debug|Win32
		{B6C70064-0FAE-432A-A213-15B58BDE0484}.Debug|Win32.ActiveCfg = Debug|Win32
		{B6C70064-0FAE-432A-A213-15B58BDE0484}.Debug|Win32.Build.0 = Debug|Win32
		{B6C70064-0FAE-432A-A213-15B58BDE0484}.Release|Any CPU.ActiveCfg = Release|Win32
		{B6C70064-0FAE-432A-A213-15B58BDE0484}.Release|Mixed Platforms.ActiveCfg = Release|Win32
		{B6C70064-0FAE-432A-A213-15B58BDE0484}.Release|Mixed Platforms.Build.0 = Release|Win32
		{B6C70064-0FAE-432A-A213-15B58BDE0484}.Release|Win32.ActiveCfg = Release|Win32
		{B6C70064-0FAE-432A-A213-15B58BDE0484}.Release|Win32.Build.0 = Release|Win32
		{34FC82E0-3EB3-4B56-BF02-F202C5730949}.Debug|Any CPU.ActiveCfg = Debug|Win32
		{34FC82E0-3EB3-4B56-BF02-F202C5730949}.Debug|Mixed Platforms.ActiveCfg = Debug|Win32
		{34FC82E0-3EB3-4B56-BF02-F202C5730949}.Debug|Mixed Platforms.Build.0 = Debug|Win32
		{34FC82E0-3EB3-4B56-BF02-F202C5730949}.Debug|Win32.ActiveCfg = Debug|Win32
		{34FC82E0-3EB3-4B56-BF02-F202C5730949}.Debug|Win32.Build.0 = Debug|Win32
		{34FC82E0-3EB3-4B56-BF02-F202C5730949}.Release|Any CPU.ActiveCfg = Release|Win32
		{34FC82E0-3EB3-4B56-BF02-F202C5730949}.Release|Mixed Platforms.ActiveCfg = Release|Win32
		{34FC82E0-3EB3-4B56-BF02-F202C5730949}.Release|Mixed Platforms.Build.0 = Release|Win32
		{34FC82E0-3EB3-4B56-BF02-F202C5730949}.Release|Win32.ActiveCfg = Release|Win32
		{34FC82E0-3EB3-4B56-BF02-F202C5730949}.Release|Win32.Build.0 = Release|Win32
		{EB18A5AE-8D00-4B13-BB9C-62A69EE5C650}.Debug|Any CPU.ActiveCfg = Debug|Win32
		{EB18A5AE-8D00-4B13-BB9C-62A69EE5C650}.Debug|Mixed Platforms.ActiveCfg = Debug|Win32
		{EB18A5AE-8D00-4B13-BB9C-62A69EE5C650}.Debug|Mixed Platforms.Build.0 = Debug|Win32
		{EB18A5AE-8D00-4B13-BB9C-62A69EE5C650}.Debug|Win32.ActiveCfg = Debug|Win32
		{EB18A5AE-8D00-4B13-BB9C-62A69EE5C650}.Debug|Win32.Build.0 = Debug|Win32
		{EB18A5AE-8D00-4B13-BB9C-62A69EE5C650}.Release|Any CPU.ActiveCfg = Release|Win32
		{EB18A5AE-8D00-4B13-BB9C-62A69EE5C650}.Release|Mixed Platforms.ActiveCfg = Release|Win32
		{EB18A5AE-8D00-4B13-BB9C-62A69EE5C650}.Release|Mixed Platforms.Build.0 = Release|Win32
		{EB18A5AE-8D00-4B13-BB9C-62A69EE5C650}.Release|Win32.ActiveCfg = Release|Win32
		{EB18A5AE-8D00-4B13-BB9C-62A69EE5C650}.Release|Win32.Build.0 = Release|Win32
	EndGlobalSection
	GlobalSection(SolutionProperties) = preSolution
		HideSolutionNode = FALSE
	EndGlobalSection
EndGlobal
